
Microsoft Visual Studio Solution File, Format Version 12.00
# Visual Studio Version 16
VisualStudioVersion = 16.0.31025.194
MinimumVisualStudioVersion = 10.0.40219.1
Project("{FAE04EC0-301F-11D3-BF4B-00C04F79EFBC}") = "UglyProject", "UglyProject\UglyProject.csproj", "{C554DD0E-60DB-43A1-A89B-81F26EE4B659}"
EndProject
Global
	GlobalSection(SolutionConfigurationPlatforms) = preSolution
		Debug|Any CPU = Debug|Any CPU
		Release|Any CPU = Release|Any CPU
	EndGlobalSection
	GlobalSection(ProjectConfigurationPlatforms) = postSolution
		{C554DD0E-60DB-43A1-A89B-81F26EE4B659}.Debug|Any CPU.ActiveCfg = Debug|Any CPU
		{C554DD0E-60DB-43A1-A89B-81F26EE4B659}.Debug|Any CPU.Build.0 = Debug|Any CPU
		{C554DD0E-60DB-43A1-A89B-81F26EE4B659}.Release|Any CPU.ActiveCfg = Release|Any CPU
		{C554DD0E-60DB-43A1-A89B-81F26EE4B659}.Release|Any CPU.Build.0 = Release|Any CPU
	EndGlobalSection
	GlobalSection(SolutionProperties) = preSolution
		HideSolutionNode = FALSE
	EndGlobalSection
	GlobalSection(ExtensibilityGlobals) = postSolution
		SolutionGuid = {2B6BF512-FEE0-4331-8417-6C8C94B0B529}
	EndGlobalSection
EndGlobal
