
Microsoft Visual Studio Solution File, Format Version 12.00
# Visual Studio 15
VisualStudioVersion = 15.0.28307.1169
MinimumVisualStudioVersion = 10.0.40219.1
Project("{9A19103F-16F7-4668-BE54-9A1E7A4F7556}") = "NorthwindConsoleUI", "NorthwindConsoleUI\NorthwindConsoleUI\NorthwindConsoleUI.csproj", "{7307E6B7-D49A-48D8-8731-2CA9562755CE}"
EndProject
Project("{9A19103F-16F7-4668-BE54-9A1E7A4F7556}") = "NorthwindData", "NorthwindData\NorthwindData.csproj", "{0DFF4848-D73F-40F8-8211-37840E789880}"
EndProject
Global
	GlobalSection(SolutionConfigurationPlatforms) = preSolution
		Debug|Any CPU = Debug|Any CPU
		Release|Any CPU = Release|Any CPU
	EndGlobalSection
	GlobalSection(ProjectConfigurationPlatforms) = postSolution
		{7307E6B7-D49A-48D8-8731-2CA9562755CE}.Debug|Any CPU.ActiveCfg = Debug|Any CPU
		{7307E6B7-D49A-48D8-8731-2CA9562755CE}.Debug|Any CPU.Build.0 = Debug|Any CPU
		{7307E6B7-D49A-48D8-8731-2CA9562755CE}.Release|Any CPU.ActiveCfg = Release|Any CPU
		{7307E6B7-D49A-48D8-8731-2CA9562755CE}.Release|Any CPU.Build.0 = Release|Any CPU
		{0DFF4848-D73F-40F8-8211-37840E789880}.Debug|Any CPU.ActiveCfg = Debug|Any CPU
		{0DFF4848-D73F-40F8-8211-37840E789880}.Debug|Any CPU.Build.0 = Debug|Any CPU
		{0DFF4848-D73F-40F8-8211-37840E789880}.Release|Any CPU.ActiveCfg = Release|Any CPU
		{0DFF4848-D73F-40F8-8211-37840E789880}.Release|Any CPU.Build.0 = Release|Any CPU
	EndGlobalSection
	GlobalSection(SolutionProperties) = preSolution
		HideSolutionNode = FALSE
	EndGlobalSection
	GlobalSection(ExtensibilityGlobals) = postSolution
		SolutionGuid = {87C7EFBD-BA5C-4C55-85E9-7CA29D35128F}
	EndGlobalSection
EndGlobal
